
Microsoft Visual Studio Solution File, Format Version 12.00
# Visual Studio Version 16
VisualStudioVersion = 16.0.31424.327
MinimumVisualStudioVersion = 10.0.40219.1
Project("{FAE04EC0-301F-11D3-BF4B-00C04F79EFBC}") = "ConsoleApp2", "ConsoleApp2\ConsoleApp2.csproj", "{C75A64A4-8CE4-4EBA-9507-4E6537239EC1}"
EndProject
Global
	GlobalSection(SolutionConfigurationPlatforms) = preSolution
		Debug|Any CPU = Debug|Any CPU
		Release|Any CPU = Release|Any CPU
	EndGlobalSection
	GlobalSection(ProjectConfigurationPlatforms) = postSolution
		{C75A64A4-8CE4-4EBA-9507-4E6537239EC1}.Debug|Any CPU.ActiveCfg = Debug|Any CPU
		{C75A64A4-8CE4-4EBA-9507-4E6537239EC1}.Debug|Any CPU.Build.0 = Debug|Any CPU
		{C75A64A4-8CE4-4EBA-9507-4E6537239EC1}.Release|Any CPU.ActiveCfg = Release|Any CPU
		{C75A64A4-8CE4-4EBA-9507-4E6537239EC1}.Release|Any CPU.Build.0 = Release|Any CPU
	EndGlobalSection
	GlobalSection(SolutionProperties) = preSolution
		HideSolutionNode = FALSE
	EndGlobalSection
	GlobalSection(ExtensibilityGlobals) = postSolution
		SolutionGuid = {6EFF5263-82C4-422C-93A2-0B320B6EE75C}
	EndGlobalSection
EndGlobal
